
Microsoft Visual Studio Solution File, Format Version 12.00
# Visual Studio Version 16
VisualStudioVersion = 16.0.30330.147
MinimumVisualStudioVersion = 10.0.40219.1
Project("{9A19103F-16F7-4668-BE54-9A1E7A4F7556}") = "NumeroaLetra", "NumeroaLetra\NumeroaLetra.csproj", "{0C269D87-EBDD-4B49-AC94-EB47189617A6}"
EndProject
Project("{FAE04EC0-301F-11D3-BF4B-00C04F79EFBC}") = "UnitTestNumeroaLetra", "UnitTestNumeroaLetra\UnitTestNumeroaLetra.csproj", "{23732C0B-A76C-40CB-BC81-8BBA91528161}"
EndProject
Global
	GlobalSection(SolutionConfigurationPlatforms) = preSolution
		Debug|Any CPU = Debug|Any CPU
		Release|Any CPU = Release|Any CPU
	EndGlobalSection
	GlobalSection(ProjectConfigurationPlatforms) = postSolution
		{0C269D87-EBDD-4B49-AC94-EB47189617A6}.Debug|Any CPU.ActiveCfg = Debug|Any CPU
		{0C269D87-EBDD-4B49-AC94-EB47189617A6}.Debug|Any CPU.Build.0 = Debug|Any CPU
		{0C269D87-EBDD-4B49-AC94-EB47189617A6}.Release|Any CPU.ActiveCfg = Release|Any CPU
		{0C269D87-EBDD-4B49-AC94-EB47189617A6}.Release|Any CPU.Build.0 = Release|Any CPU
		{23732C0B-A76C-40CB-BC81-8BBA91528161}.Debug|Any CPU.ActiveCfg = Debug|Any CPU
		{23732C0B-A76C-40CB-BC81-8BBA91528161}.Debug|Any CPU.Build.0 = Debug|Any CPU
		{23732C0B-A76C-40CB-BC81-8BBA91528161}.Release|Any CPU.ActiveCfg = Release|Any CPU
		{23732C0B-A76C-40CB-BC81-8BBA91528161}.Release|Any CPU.Build.0 = Release|Any CPU
	EndGlobalSection
	GlobalSection(SolutionProperties) = preSolution
		HideSolutionNode = FALSE
	EndGlobalSection
	GlobalSection(ExtensibilityGlobals) = postSolution
		SolutionGuid = {5E7E028A-BD6A-49C6-8BA5-FC6305A6D649}
	EndGlobalSection
EndGlobal
